- name: .bashrc
  src: /tmp/dotytest/.bashrc
  dst: /tmp/dotytest/dotfiles/.bashrc
  notes: ''
  linked: true
  hash: 3939e52bdb6a0f58ea5a496b28d94f69
- name: .zshrc
  src: /tmp/dotytest/.zshrc
  dst: /tmp/dotytest/dotfiles/zsh/.zshrc
  notes: ''
  linked: false
  hash: 675277ec1747076fb568842c3b9c8bec
- name: .zsh_history
  src: /tmp/dotytest/.zsh_history
  dst: /tmp/dotytest/dotfiles/.zsh_history
  notes: ''
  linked: false
  hash: 8cfb570adf45201f4fa5202a7ccc684c
- name: .lesshst
  src: /tmp/dotytest/.lesshst
  dst: /tmp/dotytest/dotfiles/.lesshst
  notes: ''
  linked: true
  hash: ce28f907903b68dd71d55015fd9724ce
